
Microsoft Visual Studio Solution File, Format Version 12.00
# Visual Studio Version 17
VisualStudioVersion = 17.6.33712.159
MinimumVisualStudioVersion = 10.0.40219.1
Project("{9A19103F-16F7-4668-BE54-9A1E7A4F7556}") = "ClimateLocator.Core", "ClimateLocator.Core\ClimateLocator.Core.csproj", "{98F915AE-3AE7-4893-9A34-0F60CDCD6FE9}"
EndProject
Project("{9A19103F-16F7-4668-BE54-9A1E7A4F7556}") = "ClimateLocator.Data", "ClimateLocator.Data\ClimateLocator.Data.csproj", "{E7A13AF7-274F-477C-BE26-CE6E5CC80044}"
EndProject
Project("{9A19103F-16F7-4668-BE54-9A1E7A4F7556}") = "ClimateLocator.Services", "ClimateLocator.Services\ClimateLocator.Services.csproj", "{F11BF4D3-C623-41FB-A22D-B7EC6B7F78E4}"
EndProject
Project("{FAE04EC0-301F-11D3-BF4B-00C04F79EFBC}") = "ClimateLocator.API", "ClimateLocator.API\ClimateLocator.API.csproj", "{F93A9592-DD76-4835-BE1D-877EFFD4D24F}"
EndProject
Project("{FAE04EC0-301F-11D3-BF4B-00C04F79EFBC}") = "ClimateLocator.Tests", "ClimateLocator.Tests\ClimateLocator.Tests.csproj", "{C5BD25A2-5C18-4DE8-B142-5651DC092E2C}"
EndProject
Global
	GlobalSection(SolutionConfigurationPlatforms) = preSolution
		Debug|Any CPU = Debug|Any CPU
		Release|Any CPU = Release|Any CPU
	EndGlobalSection
	GlobalSection(ProjectConfigurationPlatforms) = postSolution
		{98F915AE-3AE7-4893-9A34-0F60CDCD6FE9}.Debug|Any CPU.ActiveCfg = Debug|Any CPU
		{98F915AE-3AE7-4893-9A34-0F60CDCD6FE9}.Debug|Any CPU.Build.0 = Debug|Any CPU
		{98F915AE-3AE7-4893-9A34-0F60CDCD6FE9}.Release|Any CPU.ActiveCfg = Release|Any CPU
		{98F915AE-3AE7-4893-9A34-0F60CDCD6FE9}.Release|Any CPU.Build.0 = Release|Any CPU
		{E7A13AF7-274F-477C-BE26-CE6E5CC80044}.Debug|Any CPU.ActiveCfg = Debug|Any CPU
		{E7A13AF7-274F-477C-BE26-CE6E5CC80044}.Debug|Any CPU.Build.0 = Debug|Any CPU
		{E7A13AF7-274F-477C-BE26-CE6E5CC80044}.Release|Any CPU.ActiveCfg = Release|Any CPU
		{E7A13AF7-274F-477C-BE26-CE6E5CC80044}.Release|Any CPU.Build.0 = Release|Any CPU
		{F11BF4D3-C623-41FB-A22D-B7EC6B7F78E4}.Debug|Any CPU.ActiveCfg = Debug|Any CPU
		{F11BF4D3-C623-41FB-A22D-B7EC6B7F78E4}.Debug|Any CPU.Build.0 = Debug|Any CPU
		{F11BF4D3-C623-41FB-A22D-B7EC6B7F78E4}.Release|Any CPU.ActiveCfg = Release|Any CPU
		{F11BF4D3-C623-41FB-A22D-B7EC6B7F78E4}.Release|Any CPU.Build.0 = Release|Any CPU
		{F93A9592-DD76-4835-BE1D-877EFFD4D24F}.Debug|Any CPU.ActiveCfg = Debug|Any CPU
		{F93A9592-DD76-4835-BE1D-877EFFD4D24F}.Debug|Any CPU.Build.0 = Debug|Any CPU
		{F93A9592-DD76-4835-BE1D-877EFFD4D24F}.Release|Any CPU.ActiveCfg = Release|Any CPU
		{F93A9592-DD76-4835-BE1D-877EFFD4D24F}.Release|Any CPU.Build.0 = Release|Any CPU
		{C5BD25A2-5C18-4DE8-B142-5651DC092E2C}.Debug|Any CPU.ActiveCfg = Debug|Any CPU
		{C5BD25A2-5C18-4DE8-B142-5651DC092E2C}.Debug|Any CPU.Build.0 = Debug|Any CPU
		{C5BD25A2-5C18-4DE8-B142-5651DC092E2C}.Release|Any CPU.ActiveCfg = Release|Any CPU
		{C5BD25A2-5C18-4DE8-B142-5651DC092E2C}.Release|Any CPU.Build.0 = Release|Any CPU
	EndGlobalSection
	GlobalSection(SolutionProperties) = preSolution
		HideSolutionNode = FALSE
	EndGlobalSection
	GlobalSection(ExtensibilityGlobals) = postSolution
		SolutionGuid = {6128ED31-2C21-482F-9B28-68101759F81E}
	EndGlobalSection
EndGlobal
